// !$*UTF8*$!
{
	archiveVersion = 1;
	classes = {
	};
	objectVersion = 46;
	objects = {

/* Begin PBXBuildFile section */
		420F305F19525ED8007599EB /* Validations.swift in Sources */ = {isa = PBXBuildFile; fileRef = 420F305E19525ED8007599EB /* Validations.swift */; };
		421A52E4194F741400DB0F30 /* Coach.swift in Sources */ = {isa = PBXBuildFile; fileRef = 421A52E2194F741400DB0F30 /* Coach.swift */; };
		421A52E5194F741400DB0F30 /* Train.swift in Sources */ = {isa = PBXBuildFile; fileRef = 421A52E3194F741400DB0F30 /* Train.swift */; };
		421A52E7194F744000DB0F30 /* E05_Optionals.swift in Sources */ = {isa = PBXBuildFile; fileRef = 421A52E6194F744000DB0F30 /* E05_Optionals.swift */; };
		421A52ED194FA79900DB0F30 /* E04_Tuples.swift in Sources */ = {isa = PBXBuildFile; fileRef = 421A52EC194FA79900DB0F30 /* E04_Tuples.swift */; };
		42414F4519485D4F00E61AAF /* AppDelegate.swift in Sources */ = {isa = PBXBuildFile; fileRef = 42414F4419485D4F00E61AAF /* AppDelegate.swift */; };
		42414F4719485D4F00E61AAF /* Images.xcassets in Resources */ = {isa = PBXBuildFile; fileRef = 42414F4619485D4F00E61AAF /* Images.xcassets */; };
		49087634194F9B66000A6A22 /* E03_Enum.swift in Sources */ = {isa = PBXBuildFile; fileRef = 49087633194F9B66000A6A22 /* E03_Enum.swift */; };
		4998157E194F8EB000648A72 /* E02_Class.swift in Sources */ = {isa = PBXBuildFile; fileRef = 4998157D194F8EB000648A72 /* E02_Class.swift */; };
		49FCD82E194F7FC20069ABD9 /* E01_Struct.swift in Sources */ = {isa = PBXBuildFile; fileRef = 49FCD82D194F7FC20069ABD9 /* E01_Struct.swift */; };
		50914709194F78A70089BC57 /* E06_Closure.swift in Sources */ = {isa = PBXBuildFile; fileRef = 50914708194F78A70089BC57 /* E06_Closure.swift */; };
		5091470B194F794F0089BC57 /* E07_Pattern.swift in Sources */ = {isa = PBXBuildFile; fileRef = 5091470A194F794F0089BC57 /* E07_Pattern.swift */; };
		5091470D194F795B0089BC57 /* E08_Generic.swift in Sources */ = {isa = PBXBuildFile; fileRef = 5091470C194F795B0089BC57 /* E08_Generic.swift */; };
/* End PBXBuildFile section */

/* Begin PBXContainerItemProxy section */
		421A52E8194F75B000DB0F30 /* PBXContainerItemProxy */ = {
			isa = PBXContainerItemProxy;
			containerPortal = 42414F3719485D4F00E61AAF /* Project object */;
			proxyType = 1;
			remoteGlobalIDString = 42414F3E19485D4F00E61AAF;
			remoteInfo = SwiftSImpleTP;
		};
		421A52EE194FA79D00DB0F30 /* PBXContainerItemProxy */ = {
			isa = PBXContainerItemProxy;
			containerPortal = 42414F3719485D4F00E61AAF /* Project object */;
			proxyType = 1;
			remoteGlobalIDString = 42414F3E19485D4F00E61AAF;
			remoteInfo = SwiftSImpleTP;
		};
		42414F4D19485D4F00E61AAF /* PBXContainerItemProxy */ = {
			isa = PBXContainerItemProxy;
			containerPortal = 42414F3719485D4F00E61AAF /* Project object */;
			proxyType = 1;
			remoteGlobalIDString = 42414F3E19485D4F00E61AAF;
			remoteInfo = SwiftSImpleTP;
		};
/* End PBXContainerItemProxy section */

/* Begin PBXFileReference section */
		420F305E19525ED8007599EB /* Validations.swift */ = {isa = PBXFileReference; fileEncoding = 4; lastKnownFileType = sourcecode.swift; path = Validations.swift; sourceTree = "<group>"; };
		421A52E2194F741400DB0F30 /* Coach.swift */ = {isa = PBXFileReference; fileEncoding = 4; lastKnownFileType = sourcecode.swift; path = Coach.swift; sourceTree = "<group>"; };
		421A52E3194F741400DB0F30 /* Train.swift */ = {isa = PBXFileReference; fileEncoding = 4; lastKnownFileType = sourcecode.swift; path = Train.swift; sourceTree = "<group>"; };
		421A52E6194F744000DB0F30 /* E05_Optionals.swift */ = {isa = PBXFileReference; fileEncoding = 4; lastKnownFileType = sourcecode.swift; path = E05_Optionals.swift; sourceTree = "<group>"; };
		421A52EC194FA79900DB0F30 /* E04_Tuples.swift */ = {isa = PBXFileReference; fileEncoding = 4; lastKnownFileType = sourcecode.swift; path = E04_Tuples.swift; sourceTree = "<group>"; };
		42414F3F19485D4F00E61AAF /* SwiftSImpleTP.app */ = {isa = PBXFileReference; explicitFileType = wrapper.application; includeInIndex = 0; path = SwiftSImpleTP.app; sourceTree = BUILT_PRODUCTS_DIR; };
		42414F4319485D4F00E61AAF /* Info.plist */ = {isa = PBXFileReference; lastKnownFileType = text.plist.xml; path = Info.plist; sourceTree = "<group>"; };
		42414F4419485D4F00E61AAF /* AppDelegate.swift */ = {isa = PBXFileReference; lastKnownFileType = sourcecode.swift; path = AppDelegate.swift; sourceTree = "<group>"; };
		42414F4619485D4F00E61AAF /* Images.xcassets */ = {isa = PBXFileReference; lastKnownFileType = folder.assetcatalog; path = Images.xcassets; sourceTree = "<group>"; };
		42414F4C19485D4F00E61AAF /* SwiftSImpleTPTests.xctest */ = {isa = PBXFileReference; explicitFileType = wrapper.cfbundle; includeInIndex = 0; path = SwiftSImpleTPTests.xctest; sourceTree = BUILT_PRODUCTS_DIR; };
		49087633194F9B66000A6A22 /* E03_Enum.swift */ = {isa = PBXFileReference; fileEncoding = 4; lastKnownFileType = sourcecode.swift; path = E03_Enum.swift; sourceTree = "<group>"; };
		4998157D194F8EB000648A72 /* E02_Class.swift */ = {isa = PBXFileReference; fileEncoding = 4; lastKnownFileType = sourcecode.swift; path = E02_Class.swift; sourceTree = "<group>"; };
		49FCD82D194F7FC20069ABD9 /* E01_Struct.swift */ = {isa = PBXFileReference; fileEncoding = 4; lastKnownFileType = sourcecode.swift; path = E01_Struct.swift; sourceTree = "<group>"; };
		50914708194F78A70089BC57 /* E06_Closure.swift */ = {isa = PBXFileReference; fileEncoding = 4; lastKnownFileType = sourcecode.swift; path = E06_Closure.swift; sourceTree = "<group>"; };
		5091470A194F794F0089BC57 /* E07_Pattern.swift */ = {isa = PBXFileReference; fileEncoding = 4; lastKnownFileType = sourcecode.swift; path = E07_Pattern.swift; sourceTree = "<group>"; };
		5091470C194F795B0089BC57 /* E08_Generic.swift */ = {isa = PBXFileReference; fileEncoding = 4; lastKnownFileType = sourcecode.swift; path = E08_Generic.swift; sourceTree = "<group>"; };
/* End PBXFileReference section */

/* Begin PBXFrameworksBuildPhase section */
		42414F3C19485D4F00E61AAF /* Frameworks */ = {
			isa = PBXFrameworksBuildPhase;
			buildActionMask = 2147483647;
			files = (
			);
			runOnlyForDeploymentPostprocessing = 0;
		};
		42414F4919485D4F00E61AAF /* Frameworks */ = {
			isa = PBXFrameworksBuildPhase;
			buildActionMask = 2147483647;
			files = (
			);
			runOnlyForDeploymentPostprocessing = 0;
		};
/* End PBXFrameworksBuildPhase section */

/* Begin PBXGroup section */
		420F305D19525EC7007599EB /* Helpers */ = {
			isa = PBXGroup;
			children = (
				420F305E19525ED8007599EB /* Validations.swift */,
			);
			name = Helpers;
			path = SwiftSimpleTP/Helpers;
			sourceTree = SOURCE_ROOT;
		};
		421A52E0194F740800DB0F30 /* Exercises */ = {
			isa = PBXGroup;
			children = (
				49FCD82D194F7FC20069ABD9 /* E01_Struct.swift */,
				4998157D194F8EB000648A72 /* E02_Class.swift */,
				49087633194F9B66000A6A22 /* E03_Enum.swift */,
				421A52EC194FA79900DB0F30 /* E04_Tuples.swift */,
				421A52E6194F744000DB0F30 /* E05_Optionals.swift */,
				50914708194F78A70089BC57 /* E06_Closure.swift */,
				5091470A194F794F0089BC57 /* E07_Pattern.swift */,
				5091470C194F795B0089BC57 /* E08_Generic.swift */,
			);
			path = Exercises;
			sourceTree = "<group>";
		};
		421A52E1194F741400DB0F30 /* Models */ = {
			isa = PBXGroup;
			children = (
				421A52E2194F741400DB0F30 /* Coach.swift */,
				421A52E3194F741400DB0F30 /* Train.swift */,
			);
			path = Models;
			sourceTree = "<group>";
		};
		42414F3619485D4F00E61AAF = {
			isa = PBXGroup;
			children = (
				42414F4119485D4F00E61AAF /* SwiftSImpleTP */,
				42414F4019485D4F00E61AAF /* Products */,
			);
			sourceTree = "<group>";
		};
		42414F4019485D4F00E61AAF /* Products */ = {
			isa = PBXGroup;
			children = (
				42414F3F19485D4F00E61AAF /* SwiftSImpleTP.app */,
				42414F4C19485D4F00E61AAF /* SwiftSImpleTPTests.xctest */,
			);
			name = Products;
			sourceTree = "<group>";
		};
		42414F4119485D4F00E61AAF /* SwiftSImpleTP */ = {
			isa = PBXGroup;
			children = (
				420F305D19525EC7007599EB /* Helpers */,
				421A52E1194F741400DB0F30 /* Models */,
				421A52E0194F740800DB0F30 /* Exercises */,
				42414F4419485D4F00E61AAF /* AppDelegate.swift */,
				42414F4619485D4F00E61AAF /* Images.xcassets */,
				42414F4219485D4F00E61AAF /* Supporting Files */,
			);
			path = SwiftSImpleTP;
			sourceTree = "<group>";
		};
		42414F4219485D4F00E61AAF /* Supporting Files */ = {
			isa = PBXGroup;
			children = (
				42414F4319485D4F00E61AAF /* Info.plist */,
			);
			name = "Supporting Files";
			sourceTree = "<group>";
		};
/* End PBXGroup section */

/* Begin PBXNativeTarget section */
		42414F3E19485D4F00E61AAF /* SwiftSImpleTP */ = {
			isa = PBXNativeTarget;
			buildConfigurationList = 42414F5619485D4F00E61AAF /* Build configuration list for PBXNativeTarget "SwiftSImpleTP" */;
			buildPhases = (
				42414F3B19485D4F00E61AAF /* Sources */,
				42414F3C19485D4F00E61AAF /* Frameworks */,
				42414F3D19485D4F00E61AAF /* Resources */,
			);
			buildRules = (
			);
			dependencies = (
			);
			name = SwiftSImpleTP;
			productName = SwiftSImpleTP;
			productReference = 42414F3F19485D4F00E61AAF /* SwiftSImpleTP.app */;
			productType = "com.apple.product-type.application";
		};
		42414F4B19485D4F00E61AAF /* SwiftSImpleTPTests */ = {
			isa = PBXNativeTarget;
			buildConfigurationList = 42414F5919485D4F00E61AAF /* Build configuration list for PBXNativeTarget "SwiftSImpleTPTests" */;
			buildPhases = (
				42414F4819485D4F00E61AAF /* Sources */,
				42414F4919485D4F00E61AAF /* Frameworks */,
				42414F4A19485D4F00E61AAF /* Resources */,
			);
			buildRules = (
			);
			dependencies = (
				42414F4E19485D4F00E61AAF /* PBXTargetDependency */,
				421A52E9194F75B000DB0F30 /* PBXTargetDependency */,
				421A52EF194FA79D00DB0F30 /* PBXTargetDependency */,
			);
			name = SwiftSImpleTPTests;
			productName = SwiftSImpleTPTests;
			productReference = 42414F4C19485D4F00E61AAF /* SwiftSImpleTPTests.xctest */;
			productType = "com.apple.product-type.bundle.unit-test";
		};
/* End PBXNativeTarget section */

/* Begin PBXProject section */
		42414F3719485D4F00E61AAF /* Project object */ = {
			isa = PBXProject;
			attributes = {
				LastUpgradeCheck = 0600;
				ORGANIZATIONNAME = "Xebia IT Architects";
				TargetAttributes = {
					42414F3E19485D4F00E61AAF = {
						CreatedOnToolsVersion = 6.0;
					};
					42414F4B19485D4F00E61AAF = {
						CreatedOnToolsVersion = 6.0;
						TestTargetID = 42414F3E19485D4F00E61AAF;
					};
				};
			};
			buildConfigurationList = 42414F3A19485D4F00E61AAF /* Build configuration list for PBXProject "SwiftSimpleTP" */;
			compatibilityVersion = "Xcode 3.2";
			developmentRegion = English;
			hasScannedForEncodings = 0;
			knownRegions = (
				en,
			);
			mainGroup = 42414F3619485D4F00E61AAF;
			productRefGroup = 42414F4019485D4F00E61AAF /* Products */;
			projectDirPath = "";
			projectRoot = "";
			targets = (
				42414F3E19485D4F00E61AAF /* SwiftSImpleTP */,
				42414F4B19485D4F00E61AAF /* SwiftSImpleTPTests */,
			);
		};
/* End PBXProject section */

/* Begin PBXResourcesBuildPhase section */
		42414F3D19485D4F00E61AAF /* Resources */ = {
			isa = PBXResourcesBuildPhase;
			buildActionMask = 2147483647;
			files = (
				42414F4719485D4F00E61AAF /* Images.xcassets in Resources */,
			);
			runOnlyForDeploymentPostprocessing = 0;
		};
		42414F4A19485D4F00E61AAF /* Resources */ = {
			isa = PBXResourcesBuildPhase;
			buildActionMask = 2147483647;
			files = (
			);
			runOnlyForDeploymentPostprocessing = 0;
		};
/* End PBXResourcesBuildPhase section */

/* Begin PBXSourcesBuildPhase section */
		42414F3B19485D4F00E61AAF /* Sources */ = {
			isa = PBXSourcesBuildPhase;
			buildActionMask = 2147483647;
			files = (
				4998157E194F8EB000648A72 /* E02_Class.swift in Sources */,
				49087634194F9B66000A6A22 /* E03_Enum.swift in Sources */,
				5091470D194F795B0089BC57 /* E08_Generic.swift in Sources */,
				421A52E4194F741400DB0F30 /* Coach.swift in Sources */,
				421A52E7194F744000DB0F30 /* E05_Optionals.swift in Sources */,
				421A52E5194F741400DB0F30 /* Train.swift in Sources */,
				42414F4519485D4F00E61AAF /* AppDelegate.swift in Sources */,
				5091470B194F794F0089BC57 /* E07_Pattern.swift in Sources */,
				50914709194F78A70089BC57 /* E06_Closure.swift in Sources */,
				421A52ED194FA79900DB0F30 /* E04_Tuples.swift in Sources */,
				420F305F19525ED8007599EB /* Validations.swift in Sources */,
				49FCD82E194F7FC20069ABD9 /* E01_Struct.swift in Sources */,
			);
			runOnlyForDeploymentPostprocessing = 0;
		};
		42414F4819485D4F00E61AAF /* Sources */ = {
			isa = PBXSourcesBuildPhase;
			buildActionMask = 2147483647;
			files = (
			);
			runOnlyForDeploymentPostprocessing = 0;
		};
/* End PBXSourcesBuildPhase section */

/* Begin PBXTargetDependency section */
		421A52E9194F75B000DB0F30 /* PBXTargetDependency */ = {
			isa = PBXTargetDependency;
			target = 42414F3E19485D4F00E61AAF /* SwiftSImpleTP */;
			targetProxy = 421A52E8194F75B000DB0F30 /* PBXContainerItemProxy */;
		};
		421A52EF194FA79D00DB0F30 /* PBXTargetDependency */ = {
			isa = PBXTargetDependency;
			target = 42414F3E19485D4F00E61AAF /* SwiftSImpleTP */;
			targetProxy = 421A52EE194FA79D00DB0F30 /* PBXContainerItemProxy */;
		};
		42414F4E19485D4F00E61AAF /* PBXTargetDependency */ = {
			isa = PBXTargetDependency;
			target = 42414F3E19485D4F00E61AAF /* SwiftSImpleTP */;
			targetProxy = 42414F4D19485D4F00E61AAF /* PBXContainerItemProxy */;
		};
/* End PBXTargetDependency section */

/* Begin XCBuildConfiguration section */
		42414F5419485D4F00E61AAF /* Debug */ = {
			isa = XCBuildConfiguration;
			buildSettings = {
				ALWAYS_SEARCH_USER_PATHS = NO;
				CLANG_CXX_LANGUAGE_STANDARD = "gnu++0x";
				CLANG_CXX_LIBRARY = "libc++";
				CLANG_ENABLE_MODULES = YES;
				CLANG_ENABLE_OBJC_ARC = YES;
				CLANG_WARN_BOOL_CONVERSION = YES;
				CLANG_WARN_CONSTANT_CONVERSION = YES;
				CLANG_WARN_DIRECT_OBJC_ISA_USAGE = YES_ERROR;
				CLANG_WARN_EMPTY_BODY = YES;
				CLANG_WARN_ENUM_CONVERSION = YES;
				CLANG_WARN_INT_CONVERSION = YES;
				CLANG_WARN_OBJC_ROOT_CLASS = YES_ERROR;
				CLANG_WARN_UNREACHABLE_CODE = YES;
				CLANG_WARN__DUPLICATE_METHOD_MATCH = YES;
				"CODE_SIGN_IDENTITY[sdk=iphoneos*]" = "iPhone Developer";
				COPY_PHASE_STRIP = NO;
				ENABLE_STRICT_OBJC_MSGSEND = YES;
				GCC_C_LANGUAGE_STANDARD = gnu99;
				GCC_DYNAMIC_NO_PIC = NO;
				GCC_OPTIMIZATION_LEVEL = 0;
				GCC_PREPROCESSOR_DEFINITIONS = (
					"DEBUG=1",
					"$(inherited)",
				);
				GCC_SYMBOLS_PRIVATE_EXTERN = NO;
				GCC_WARN_64_TO_32_BIT_CONVERSION = YES;
				GCC_WARN_ABOUT_RETURN_TYPE = YES_ERROR;
				GCC_WARN_UNDECLARED_SELECTOR = YES;
				GCC_WARN_UNINITIALIZED_AUTOS = YES_AGGRESSIVE;
				GCC_WARN_UNUSED_FUNCTION = YES;
				GCC_WARN_UNUSED_VARIABLE = YES;
				IPHONEOS_DEPLOYMENT_TARGET = 8.0;
				METAL_ENABLE_DEBUG_INFO = YES;
				ONLY_ACTIVE_ARCH = YES;
				SDKROOT = iphoneos;
				SWIFT_OPTIMIZATION_LEVEL = "-Onone";
			};
			name = Debug;
		};
		42414F5519485D4F00E61AAF /* Release */ = {
			isa = XCBuildConfiguration;
			buildSettings = {
				ALWAYS_SEARCH_USER_PATHS = NO;
				CLANG_CXX_LANGUAGE_STANDARD = "gnu++0x";
				CLANG_CXX_LIBRARY = "libc++";
				CLANG_ENABLE_MODULES = YES;
				CLANG_ENABLE_OBJC_ARC = YES;
				CLANG_WARN_BOOL_CONVERSION = YES;
				CLANG_WARN_CONSTANT_CONVERSION = YES;
				CLANG_WARN_DIRECT_OBJC_ISA_USAGE = YES_ERROR;
				CLANG_WARN_EMPTY_BODY = YES;
				CLANG_WARN_ENUM_CONVERSION = YES;
				CLANG_WARN_INT_CONVERSION = YES;
				CLANG_WARN_OBJC_ROOT_CLASS = YES_ERROR;
				CLANG_WARN_UNREACHABLE_CODE = YES;
				CLANG_WARN__DUPLICATE_METHOD_MATCH = YES;
				"CODE_SIGN_IDENTITY[sdk=iphoneos*]" = "iPhone Developer";
				COPY_PHASE_STRIP = YES;
				ENABLE_NS_ASSERTIONS = NO;
				ENABLE_STRICT_OBJC_MSGSEND = YES;
				GCC_C_LANGUAGE_STANDARD = gnu99;
				GCC_WARN_64_TO_32_BIT_CONVERSION = YES;
				GCC_WARN_ABOUT_RETURN_TYPE = YES_ERROR;
				GCC_WARN_UNDECLARED_SELECTOR = YES;
				GCC_WARN_UNINITIALIZED_AUTOS = YES_AGGRESSIVE;
				GCC_WARN_UNUSED_FUNCTION = YES;
				GCC_WARN_UNUSED_VARIABLE = YES;
				IPHONEOS_DEPLOYMENT_TARGET = 8.0;
				METAL_ENABLE_DEBUG_INFO = NO;
				SDKROOT = iphoneos;
				VALIDATE_PRODUCT = YES;
			};
			name = Release;
		};
		42414F5719485D4F00E61AAF /* Debug */ = {
			isa = XCBuildConfiguration;
			buildSettings = {
				ASSETCATALOG_COMPILER_APPICON_NAME = AppIcon;
				ASSETCATALOG_COMPILER_LAUNCHIMAGE_NAME = LaunchImage;
				INFOPLIST_FILE = SwiftSImpleTP/Info.plist;
				LD_RUNPATH_SEARCH_PATHS = "$(inherited) @executable_path/Frameworks";
				PRODUCT_NAME = "$(TARGET_NAME)";
			};
			name = Debug;
		};
		42414F5819485D4F00E61AAF /* Release */ = {
			isa = XCBuildConfiguration;
			buildSettings = {
				ASSETCATALOG_COMPILER_APPICON_NAME = AppIcon;
				ASSETCATALOG_COMPILER_LAUNCHIMAGE_NAME = LaunchImage;
				INFOPLIST_FILE = SwiftSImpleTP/Info.plist;
				LD_RUNPATH_SEARCH_PATHS = "$(inherited) @executable_path/Frameworks";
				PRODUCT_NAME = "$(TARGET_NAME)";
			};
			name = Release;
		};
		42414F5A19485D4F00E61AAF /* Debug */ = {
			isa = XCBuildConfiguration;
			buildSettings = {
				BUNDLE_LOADER = "$(BUILT_PRODUCTS_DIR)/SwiftSImpleTP.app/SwiftSImpleTP";
				FRAMEWORK_SEARCH_PATHS = (
					"$(SDKROOT)/Developer/Library/Frameworks",
					"$(inherited)",
				);
				GCC_PREPROCESSOR_DEFINITIONS = (
					"DEBUG=1",
					"$(inherited)",
				);
				INFOPLIST_FILE = SwiftSImpleTPTests/Info.plist;
				LD_RUNPATH_SEARCH_PATHS = "$(inherited) @executable_path/Frameworks @loader_path/Frameworks";
				METAL_ENABLE_DEBUG_INFO = YES;
				PRODUCT_NAME = "$(TARGET_NAME)";
				TEST_HOST = "$(BUNDLE_LOADER)";
			};
			name = Debug;
		};
		42414F5B19485D4F00E61AAF /* Release */ = {
			isa = XCBuildConfiguration;
			buildSettings = {
				BUNDLE_LOADER = "$(BUILT_PRODUCTS_DIR)/SwiftSImpleTP.app/SwiftSImpleTP";
				FRAMEWORK_SEARCH_PATHS = (
					"$(SDKROOT)/Developer/Library/Frameworks",
					"$(inherited)",
				);
				INFOPLIST_FILE = SwiftSImpleTPTests/Info.plist;
				LD_RUNPATH_SEARCH_PATHS = "$(inherited) @executable_path/Frameworks @loader_path/Frameworks";
				METAL_ENABLE_DEBUG_INFO = NO;
				PRODUCT_NAME = "$(TARGET_NAME)";
				TEST_HOST = "$(BUNDLE_LOADER)";
			};
			name = Release;
		};
/* End XCBuildConfiguration section */

/* Begin XCConfigurationList section */
		42414F3A19485D4F00E61AAF /* Build configuration list for PBXProject "SwiftSimpleTP" */ = {
			isa = XCConfigurationList;
			buildConfigurations = (
				42414F5419485D4F00E61AAF /* Debug */,
				42414F5519485D4F00E61AAF /* Release */,
			);
			defaultConfigurationIsVisible = 0;
			defaultConfigurationName = Release;
		};
		42414F5619485D4F00E61AAF /* Build configuration list for PBXNativeTarget "SwiftSImpleTP" */ = {
			isa = XCConfigurationList;
			buildConfigurations = (
				42414F5719485D4F00E61AAF /* Debug */,
				42414F5819485D4F00E61AAF /* Release */,
			);
			defaultConfigurationIsVisible = 0;
			defaultConfigurationName = Release;
		};
		42414F5919485D4F00E61AAF /* Build configuration list for PBXNativeTarget "SwiftSImpleTPTests" */ = {
			isa = XCConfigurationList;
			buildConfigurations = (
				42414F5A19485D4F00E61AAF /* Debug */,
				42414F5B19485D4F00E61AAF /* Release */,
			);
			defaultConfigurationIsVisible = 0;
			defaultConfigurationName = Release;
		};
/* End XCConfigurationList section */
	};
	rootObject = 42414F3719485D4F00E61AAF /* Project object */;
}
